{
  "name": "4xmen-last-front-edits",
  "lockfileVersion": 2,
  "requires": true,
  "packages": {
    "": {
      "dependencies": {
        "bootstrap": "^5.3.0",
        "jquery": "^3.7.0",
        "swiper": "^10.0.4",
        "vazir-font": "^30.1.0",
        "vazirmatn": "^33.0.3"
      }
    },
    "node_modules/@popperjs/core": {
      "version": "2.11.8",
      "resolved": "https://registry.npmjs.org/@popperjs/core/-/core-2.11.8.tgz",
      "integrity": "sha512-P1st0aksCrn9sGZhp8GMYwBnQsbvAWsZAX44oXNNvLHGqAOcoVxmjZiohstwQ7SqKnbR47akdNi+uleWD8+g6A==",
      "peer": true,
      "funding": {
        "type": "opencollective",
        "url": "https://opencollective.com/popperjs"
      }
    },
    "node_modules/bootstrap": {
      "version": "5.3.0",
      "resolved": "https://registry.npmjs.org/bootstrap/-/bootstrap-5.3.0.tgz",
      "integrity": "sha512-UnBV3E3v4STVNQdms6jSGO2CvOkjUMdDAVR2V5N4uCMdaIkaQjbcEAMqRimDHIs4uqBYzDAKCQwCB+97tJgHQw==",
      "funding": [
        {
          "type": "github",
          "url": "https://github.com/sponsors/twbs"
        },
        {
          "type": "opencollective",
          "url": "https://opencollective.com/bootstrap"
        }
      ],
      "peerDependencies": {
        "@popperjs/core": "^2.11.7"
      }
    },
    "node_modules/jquery": {
      "version": "3.7.0",
      "resolved": "https://registry.npmjs.org/jquery/-/jquery-3.7.0.tgz",
      "integrity": "sha512-umpJ0/k8X0MvD1ds0P9SfowREz2LenHsQaxSohMZ5OMNEU2r0tf8pdeEFTHMFxWVxKNyU9rTtK3CWzUCTKJUeQ=="
    },
    "node_modules/swiper": {
      "version": "10.0.4",
      "resolved": "https://registry.npmjs.org/swiper/-/swiper-10.0.4.tgz",
      "integrity": "sha512-DlNR3KiaVkPep6RraZ2tNr7lvyuzELuR+4NZr4wO42t0UworIO3DxDlz8b5Q3uUioh7cJad99EdRJLkPF+r8Ag==",
      "funding": [
        {
          "type": "patreon",
          "url": "https://www.patreon.com/swiperjs"
        },
        {
          "type": "open_collective",
          "url": "http://opencollective.com/swiper"
        }
      ],
      "engines": {
        "node": ">= 4.7.0"
      }
    },
    "node_modules/vazir-font": {
      "version": "30.1.0",
      "resolved": "https://registry.npmjs.org/vazir-font/-/vazir-font-30.1.0.tgz",
      "integrity": "sha512-XN2Uprw/Q3QhAAApITykf+v0l4p4FpqvIh0h2XDSJRjwUiYeDpwQxECQF/93ZOCDO2t8haBi6BZZqO8sifYNRg==",
      "deprecated": "vazir-font no longer supported. Use vazirmatn instead."
    },
    "node_modules/vazirmatn": {
      "version": "33.0.3",
      "resolved": "https://registry.npmjs.org/vazirmatn/-/vazirmatn-33.0.3.tgz",
      "integrity": "sha512-fbjNc0CMjazZpIegWzz9OHGzI1APFboT+x7ZecXlUCtDe/nkyx7gtCTZnWS/+eeXG7fbfXymCPKJI8EsnM3iqw=="
    }
  },
  "dependencies": {
    "@popperjs/core": {
      "version": "2.11.8",
      "resolved": "https://registry.npmjs.org/@popperjs/core/-/core-2.11.8.tgz",
      "integrity": "sha512-P1st0aksCrn9sGZhp8GMYwBnQsbvAWsZAX44oXNNvLHGqAOcoVxmjZiohstwQ7SqKnbR47akdNi+uleWD8+g6A==",
      "peer": true
    },
    "bootstrap": {
      "version": "5.3.0",
      "resolved": "https://registry.npmjs.org/bootstrap/-/bootstrap-5.3.0.tgz",
      "integrity": "sha512-UnBV3E3v4STVNQdms6jSGO2CvOkjUMdDAVR2V5N4uCMdaIkaQjbcEAMqRimDHIs4uqBYzDAKCQwCB+97tJgHQw==",
      "requires": {}
    },
    "jquery": {
      "version": "3.7.0",
      "resolved": "https://registry.npmjs.org/jquery/-/jquery-3.7.0.tgz",
      "integrity": "sha512-umpJ0/k8X0MvD1ds0P9SfowREz2LenHsQaxSohMZ5OMNEU2r0tf8pdeEFTHMFxWVxKNyU9rTtK3CWzUCTKJUeQ=="
    },
    "swiper": {
      "version": "10.0.4",
      "resolved": "https://registry.npmjs.org/swiper/-/swiper-10.0.4.tgz",
      "integrity": "sha512-DlNR3KiaVkPep6RraZ2tNr7lvyuzELuR+4NZr4wO42t0UworIO3DxDlz8b5Q3uUioh7cJad99EdRJLkPF+r8Ag=="
    },
    "vazir-font": {
      "version": "30.1.0",
      "resolved": "https://registry.npmjs.org/vazir-font/-/vazir-font-30.1.0.tgz",
      "integrity": "sha512-XN2Uprw/Q3QhAAApITykf+v0l4p4FpqvIh0h2XDSJRjwUiYeDpwQxECQF/93ZOCDO2t8haBi6BZZqO8sifYNRg=="
    },
    "vazirmatn": {
      "version": "33.0.3",
      "resolved": "https://registry.npmjs.org/vazirmatn/-/vazirmatn-33.0.3.tgz",
      "integrity": "sha512-fbjNc0CMjazZpIegWzz9OHGzI1APFboT+x7ZecXlUCtDe/nkyx7gtCTZnWS/+eeXG7fbfXymCPKJI8EsnM3iqw=="
    }
  }
}
